
Microsoft Visual Studio Solution File, Format Version 12.00
# Visual Studio Express 2012 for Windows Desktop
Project("{FAE04EC0-301F-11D3-BF4B-00C04F79EFBC}") = "Robots", "Robots\Robots.csproj", "{C22679D5-3B08-4C62-A134-6152E2708C86}"
EndProject
Global
	GlobalSection(SolutionConfigurationPlatforms) = preSolution
		Debug|Any CPU = Debug|Any CPU
		Release|Any CPU = Release|Any CPU
	EndGlobalSection
	GlobalSection(ProjectConfigurationPlatforms) = postSolution
		{C22679D5-3B08-4C62-A134-6152E2708C86}.Debug|Any CPU.ActiveCfg = Debug|Any CPU
		{C22679D5-3B08-4C62-A134-6152E2708C86}.Debug|Any CPU.Build.0 = Debug|Any CPU
		{C22679D5-3B08-4C62-A134-6152E2708C86}.Release|Any CPU.ActiveCfg = Release|Any CPU
		{C22679D5-3B08-4C62-A134-6152E2708C86}.Release|Any CPU.Build.0 = Release|Any CPU
	EndGlobalSection
	GlobalSection(SolutionProperties) = preSolution
		HideSolutionNode = FALSE
	EndGlobalSection
EndGlobal
